
Microsoft Visual Studio Solution File, Format Version 12.00
# Visual Studio Version 16
VisualStudioVersion = 16.0.31005.135
MinimumVisualStudioVersion = 10.0.40219.1
Project("{8BC9CEB8-8B4A-11D0-8D11-00A0C91BC942}") = "DesktopIntegration", "DesktopIntegration\DesktopIntegration.vcxproj", "{67475D40-DA73-420C-9CE7-EB66F176A974}"
EndProject
Global
	GlobalSection(SolutionConfigurationPlatforms) = preSolution
		Debug|x64 = Debug|x64
		Debug|x86 = Debug|x86
		Release|x64 = Release|x64
		Release|x86 = Release|x86
	EndGlobalSection
	GlobalSection(ProjectConfigurationPlatforms) = postSolution
		{67475D40-DA73-420C-9CE7-EB66F176A974}.Debug|x64.ActiveCfg = Debug|x64
		{67475D40-DA73-420C-9CE7-EB66F176A974}.Debug|x64.Build.0 = Debug|x64
		{67475D40-DA73-420C-9CE7-EB66F176A974}.Debug|x86.ActiveCfg = Debug|Win32
		{67475D40-DA73-420C-9CE7-EB66F176A974}.Debug|x86.Build.0 = Debug|Win32
		{67475D40-DA73-420C-9CE7-EB66F176A974}.Release|x64.ActiveCfg = Release|x64
		{67475D40-DA73-420C-9CE7-EB66F176A974}.Release|x64.Build.0 = Release|x64
		{67475D40-DA73-420C-9CE7-EB66F176A974}.Release|x86.ActiveCfg = Release|Win32
		{67475D40-DA73-420C-9CE7-EB66F176A974}.Release|x86.Build.0 = Release|Win32
	EndGlobalSection
	GlobalSection(SolutionProperties) = preSolution
		HideSolutionNode = FALSE
	EndGlobalSection
	GlobalSection(ExtensibilityGlobals) = postSolution
		SolutionGuid = {55BE2C77-1EBC-4B09-82FD-A59BC009C3BB}
	EndGlobalSection
EndGlobal
